
Microsoft Visual Studio Solution File, Format Version 12.00
# Visual Studio Version 17
VisualStudioVersion = 17.8.34511.84
MinimumVisualStudioVersion = 10.0.40219.1
Project("{FAE04EC0-301F-11D3-BF4B-00C04F79EFBC}") = "DeviceTelemetryDLL", "DeviceTelemetryDLL.csproj", "{B1098707-0C7C-4509-8747-FAC23029CB43}"
EndProject
Project("{FAE04EC0-301F-11D3-BF4B-00C04F79EFBC}") = "DeviceTelemetryDLLConsoleApp", "..\DeviceTelemetryDLLConsoleApp\DeviceTelemetryDLLConsoleApp.csproj", "{49D5A6DE-F1DE-406B-BBFF-9EB81B6ADCEA}"
EndProject
Global
	GlobalSection(SolutionConfigurationPlatforms) = preSolution
		Debug|Any CPU = Debug|Any CPU
		Release|Any CPU = Release|Any CPU
	EndGlobalSection
	GlobalSection(ProjectConfigurationPlatforms) = postSolution
		{B1098707-0C7C-4509-8747-FAC23029CB43}.Debug|Any CPU.ActiveCfg = Debug|Any CPU
		{B1098707-0C7C-4509-8747-FAC23029CB43}.Debug|Any CPU.Build.0 = Debug|Any CPU
		{B1098707-0C7C-4509-8747-FAC23029CB43}.Release|Any CPU.ActiveCfg = Release|Any CPU
		{B1098707-0C7C-4509-8747-FAC23029CB43}.Release|Any CPU.Build.0 = Release|Any CPU
		{49D5A6DE-F1DE-406B-BBFF-9EB81B6ADCEA}.Debug|Any CPU.ActiveCfg = Debug|Any CPU
		{49D5A6DE-F1DE-406B-BBFF-9EB81B6ADCEA}.Debug|Any CPU.Build.0 = Debug|Any CPU
		{49D5A6DE-F1DE-406B-BBFF-9EB81B6ADCEA}.Release|Any CPU.ActiveCfg = Release|Any CPU
		{49D5A6DE-F1DE-406B-BBFF-9EB81B6ADCEA}.Release|Any CPU.Build.0 = Release|Any CPU
	EndGlobalSection
	GlobalSection(SolutionProperties) = preSolution
		HideSolutionNode = FALSE
	EndGlobalSection
	GlobalSection(ExtensibilityGlobals) = postSolution
		SolutionGuid = {B90154FD-3F46-4E81-A8CB-067113332826}
	EndGlobalSection
EndGlobal
